{
  "name": "@leismore/gen_token",
  "version": "1.0.0",
  "lockfileVersion": 1,
  "requires": true,
  "dependencies": {
    "uid-generator": {
      "version": "1.0.0",
      "resolved": "https://registry.npmjs.org/uid-generator/-/uid-generator-1.0.0.tgz",
      "integrity": "sha512-tx0ni0iyF4CZVNP8bAxcK3PNmtQcJPdflpy6lVW1lPIhTEuPoKR+o88auoXi3mFKLZ7nItCeMRp9GyFFbZ4f3w=="
    }
  }
}
